
Microsoft Visual Studio Solution File, Format Version 12.00
# Visual Studio Version 17
VisualStudioVersion = 17.13.35931.197 d17.13
MinimumVisualStudioVersion = 10.0.40219.1
Project("{FAE04EC0-301F-11D3-BF4B-00C04F79EFBC}") = "Backend", "Backend.csproj", "{53AE3506-E3B9-4813-9512-27F8076B9A2A}"
EndProject
Global
	GlobalSection(SolutionConfigurationPlatforms) = preSolution
		Debug|Any CPU = Debug|Any CPU
		Release|Any CPU = Release|Any CPU
	EndGlobalSection
	GlobalSection(ProjectConfigurationPlatforms) = postSolution
		{53AE3506-E3B9-4813-9512-27F8076B9A2A}.Debug|Any CPU.ActiveCfg = Debug|Any CPU
		{53AE3506-E3B9-4813-9512-27F8076B9A2A}.Debug|Any CPU.Build.0 = Debug|Any CPU
		{53AE3506-E3B9-4813-9512-27F8076B9A2A}.Release|Any CPU.ActiveCfg = Release|Any CPU
		{53AE3506-E3B9-4813-9512-27F8076B9A2A}.Release|Any CPU.Build.0 = Release|Any CPU
	EndGlobalSection
	GlobalSection(SolutionProperties) = preSolution
		HideSolutionNode = FALSE
	EndGlobalSection
	GlobalSection(ExtensibilityGlobals) = postSolution
		SolutionGuid = {2EE47880-4637-4F29-B92F-031497CF72FC}
	EndGlobalSection
EndGlobal
